# THIS IS AN AUTOGENERATED FILE. DO NOT EDIT THIS FILE DIRECTLY.
# yarn lockfile v1


"@vant/weapp@^1.6.9":
  version "1.10.2"
  resolved "https://registry.npmmirror.com/@vant/weapp/-/weapp-1.10.2.tgz#013fbf2fdc6d59d9e92bb82a0f772f032fb52945"

apifm-wxapi@^3.52.0:
  version "3.54.2"
  resolved "https://registry.npmmirror.com/apifm-wxapi/-/apifm-wxapi-3.54.2.tgz#c2f9b6bc88d987d6f19f9afefeca79db86221a21"

wxa-plugin-canvas@^1.1.12:
  version "1.1.12"
  resolved "https://registry.npmmirror.com/wxa-plugin-canvas/-/wxa-plugin-canvas-1.1.12.tgz#639a9857e4849ca6bac3552c96d5441beb9e28f6"

wxbarcode@^1.0.2:
  version "1.0.2"
  resolved "https://registry.npmmirror.com/wxbarcode/-/wxbarcode-1.0.2.tgz#ce02e348ff006301d9201776d6c9f5ad901314b5"
